
Microsoft Visual Studio Solution File, Format Version 12.00
# Visual Studio 2015
Project("{FAE04EC0-301F-11D3-BF4B-00C04F79EFBC}") = "ASGO", "ASGO.csproj", "{974959FC-5F6C-3140-F849-FFDBAD462F76}"
EndProject
Project("{FAE04EC0-301F-11D3-BF4B-00C04F79EFBC}") = "ASGO.Editor", "ASGO.Editor.csproj", "{028B6EA3-39BC-B933-E7B9-A74A216BDD00}"
EndProject
Global
	GlobalSection(SolutionConfigurationPlatforms) = preSolution
		Debug|Any CPU = Debug|Any CPU
		Release|Any CPU = Release|Any CPU
	EndGlobalSection
	GlobalSection(ProjectConfigurationPlatforms) = postSolution
		{974959FC-5F6C-3140-F849-FFDBAD462F76}.Debug|Any CPU.ActiveCfg = Debug|Any CPU
		{974959FC-5F6C-3140-F849-FFDBAD462F76}.Debug|Any CPU.Build.0 = Debug|Any CPU
		{974959FC-5F6C-3140-F849-FFDBAD462F76}.Release|Any CPU.ActiveCfg = Release|Any CPU
		{974959FC-5F6C-3140-F849-FFDBAD462F76}.Release|Any CPU.Build.0 = Release|Any CPU
		{028B6EA3-39BC-B933-E7B9-A74A216BDD00}.Debug|Any CPU.ActiveCfg = Debug|Any CPU
		{028B6EA3-39BC-B933-E7B9-A74A216BDD00}.Debug|Any CPU.Build.0 = Debug|Any CPU
		{028B6EA3-39BC-B933-E7B9-A74A216BDD00}.Release|Any CPU.ActiveCfg = Release|Any CPU
		{028B6EA3-39BC-B933-E7B9-A74A216BDD00}.Release|Any CPU.Build.0 = Release|Any CPU
	EndGlobalSection
	GlobalSection(SolutionProperties) = preSolution
		HideSolutionNode = FALSE
	EndGlobalSection
EndGlobal
